
Microsoft Visual Studio Solution File, Format Version 12.00
# Visual Studio Version 17
VisualStudioVersion = 17.11.35327.3
MinimumVisualStudioVersion = 10.0.40219.1
Project("{FAE04EC0-301F-11D3-BF4B-00C04F79EFBC}") = "Shop Maintain", "Shop Maintain\Shop Maintain.csproj", "{DB8C9733-B4F8-44C5-98DF-6B9EAAE15D3D}"
EndProject
Global
	GlobalSection(SolutionConfigurationPlatforms) = preSolution
		Debug|Any CPU = Debug|Any CPU
		Release|Any CPU = Release|Any CPU
	EndGlobalSection
	GlobalSection(ProjectConfigurationPlatforms) = postSolution
		{DB8C9733-B4F8-44C5-98DF-6B9EAAE15D3D}.Debug|Any CPU.ActiveCfg = Debug|Any CPU
		{DB8C9733-B4F8-44C5-98DF-6B9EAAE15D3D}.Debug|Any CPU.Build.0 = Debug|Any CPU
		{DB8C9733-B4F8-44C5-98DF-6B9EAAE15D3D}.Release|Any CPU.ActiveCfg = Release|Any CPU
		{DB8C9733-B4F8-44C5-98DF-6B9EAAE15D3D}.Release|Any CPU.Build.0 = Release|Any CPU
	EndGlobalSection
	GlobalSection(SolutionProperties) = preSolution
		HideSolutionNode = FALSE
	EndGlobalSection
	GlobalSection(ExtensibilityGlobals) = postSolution
		SolutionGuid = {1EC00D3B-7D8F-4FA1-A6B5-4DB7AD5BC2B0}
	EndGlobalSection
EndGlobal
